
Microsoft Visual Studio Solution File, Format Version 12.00
# Visual Studio Version 16
VisualStudioVersion = 16.0.30330.147
MinimumVisualStudioVersion = 10.0.40219.1
Project("{2150E333-8FDC-42A3-9474-1A3956D46DE8}") = "src", "src", "{FB3611EF-9DB8-43E3-8C83-8BFF52AD12BA}"
EndProject
Project("{9A19103F-16F7-4668-BE54-9A1E7A4F7556}") = "IntelOrca.MegaDrive.Host", "src\IntelOrca.MegaDrive.Host\IntelOrca.MegaDrive.Host.csproj", "{8E372AC0-44BA-4FFC-B88B-93984C9B9027}"
EndProject
Project("{9A19103F-16F7-4668-BE54-9A1E7A4F7556}") = "mddebug", "src\mddebug\mddebug.csproj", "{AA8D49CF-6DBD-4EB3-90B0-E0411615A5EA}"
EndProject
Project("{FAE04EC0-301F-11D3-BF4B-00C04F79EFBC}") = "IntelOrca.MegaDrive.Client", "src\IntelOrca.MegaDrive.Client\IntelOrca.MegaDrive.Client.csproj", "{9FB3B770-6E56-48A1-A7D0-10F44122FEAC}"
EndProject
Global
	GlobalSection(SolutionConfigurationPlatforms) = preSolution
		Debug|Any CPU = Debug|Any CPU
		Release|Any CPU = Release|Any CPU
	EndGlobalSection
	GlobalSection(ProjectConfigurationPlatforms) = postSolution
		{8E372AC0-44BA-4FFC-B88B-93984C9B9027}.Debug|Any CPU.ActiveCfg = Debug|Any CPU
		{8E372AC0-44BA-4FFC-B88B-93984C9B9027}.Debug|Any CPU.Build.0 = Debug|Any CPU
		{8E372AC0-44BA-4FFC-B88B-93984C9B9027}.Release|Any CPU.ActiveCfg = Release|Any CPU
		{8E372AC0-44BA-4FFC-B88B-93984C9B9027}.Release|Any CPU.Build.0 = Release|Any CPU
		{AA8D49CF-6DBD-4EB3-90B0-E0411615A5EA}.Debug|Any CPU.ActiveCfg = Debug|Any CPU
		{AA8D49CF-6DBD-4EB3-90B0-E0411615A5EA}.Debug|Any CPU.Build.0 = Debug|Any CPU
		{AA8D49CF-6DBD-4EB3-90B0-E0411615A5EA}.Release|Any CPU.ActiveCfg = Release|Any CPU
		{AA8D49CF-6DBD-4EB3-90B0-E0411615A5EA}.Release|Any CPU.Build.0 = Release|Any CPU
		{9FB3B770-6E56-48A1-A7D0-10F44122FEAC}.Debug|Any CPU.ActiveCfg = Debug|Any CPU
		{9FB3B770-6E56-48A1-A7D0-10F44122FEAC}.Debug|Any CPU.Build.0 = Debug|Any CPU
		{9FB3B770-6E56-48A1-A7D0-10F44122FEAC}.Release|Any CPU.ActiveCfg = Release|Any CPU
		{9FB3B770-6E56-48A1-A7D0-10F44122FEAC}.Release|Any CPU.Build.0 = Release|Any CPU
	EndGlobalSection
	GlobalSection(SolutionProperties) = preSolution
		HideSolutionNode = FALSE
	EndGlobalSection
	GlobalSection(NestedProjects) = preSolution
		{8E372AC0-44BA-4FFC-B88B-93984C9B9027} = {FB3611EF-9DB8-43E3-8C83-8BFF52AD12BA}
		{AA8D49CF-6DBD-4EB3-90B0-E0411615A5EA} = {FB3611EF-9DB8-43E3-8C83-8BFF52AD12BA}
		{9FB3B770-6E56-48A1-A7D0-10F44122FEAC} = {FB3611EF-9DB8-43E3-8C83-8BFF52AD12BA}
	EndGlobalSection
	GlobalSection(ExtensibilityGlobals) = postSolution
		SolutionGuid = {A29E9039-29BA-4031-ACA6-534BD3B4D8C3}
	EndGlobalSection
EndGlobal
